Microsoft Visual Studio Solution File, Format Version 12.00
# Visual Studio 16
Project("{2150E333-8FDC-42A3-9474-1A3956D46DE8}") = "CMakePredefinedTargets", "CMakePredefinedTargets", "{CE8F6015-1D11-3751-97B3-9B99A9B6E65F}"
EndProject
Project("{2150E333-8FDC-42A3-9474-1A3956D46DE8}") = "GLFW3", "GLFW3", "{3204CD97-57A7-3854-B1C9-162F074AFDCB}"
EndProject
Project("{8BC9CEB8-8B4A-11D0-8D11-00A0C91BC942}") = "ALL_BUILD", "ALL_BUILD.vcxproj", "{736CC0B7-8EAF-3923-B71F-95F1074627D2}"
	ProjectSection(ProjectDependencies) = postProject
		{1796B40E-60A3-3087-BA39-AC069BB7DDD9} = {1796B40E-60A3-3087-BA39-AC069BB7DDD9}
		{59F0CDD4-2E01-38E1-B4FC-37210C048563} = {59F0CDD4-2E01-38E1-B4FC-37210C048563}
		{CD6B9E62-EB02-3DA4-BA57-9283BB1C21A5} = {CD6B9E62-EB02-3DA4-BA57-9283BB1C21A5}
		{9A3B64DB-7F68-39F3-9FF3-946FA0064A78} = {9A3B64DB-7F68-39F3-9FF3-946FA0064A78}
		{FFC4D5BC-D3ED-3D3B-B789-A2EA3D31400E} = {FFC4D5BC-D3ED-3D3B-B789-A2EA3D31400E}
		{E5F4B32B-828C-377B-9BC0-F2B07CB83487} = {E5F4B32B-828C-377B-9BC0-F2B07CB83487}
	EndProjectSection
EndProject
Project("{8BC9CEB8-8B4A-11D0-8D11-00A0C91BC942}") = "Editor", "Editor\src\Editor.vcxproj", "{1796B40E-60A3-3087-BA39-AC069BB7DDD9}"
	ProjectSection(ProjectDependencies) = postProject
		{59F0CDD4-2E01-38E1-B4FC-37210C048563} = {59F0CDD4-2E01-38E1-B4FC-37210C048563}
		{9A3B64DB-7F68-39F3-9FF3-946FA0064A78} = {9A3B64DB-7F68-39F3-9FF3-946FA0064A78}
		{FFC4D5BC-D3ED-3D3B-B789-A2EA3D31400E} = {FFC4D5BC-D3ED-3D3B-B789-A2EA3D31400E}
		{E5F4B32B-828C-377B-9BC0-F2B07CB83487} = {E5F4B32B-828C-377B-9BC0-F2B07CB83487}
	EndProjectSection
EndProject
Project("{8BC9CEB8-8B4A-11D0-8D11-00A0C91BC942}") = "INSTALL", "INSTALL.vcxproj", "{06ACACF9-F79A-3B85-89F7-1CFD797019B7}"
	ProjectSection(ProjectDependencies) = postProject
		{736CC0B7-8EAF-3923-B71F-95F1074627D2} = {736CC0B7-8EAF-3923-B71F-95F1074627D2}
		{9A3B64DB-7F68-39F3-9FF3-946FA0064A78} = {9A3B64DB-7F68-39F3-9FF3-946FA0064A78}
	EndProjectSection
EndProject
Project("{8BC9CEB8-8B4A-11D0-8D11-00A0C91BC942}") = "OSource", "OSource\src\OSource.vcxproj", "{59F0CDD4-2E01-38E1-B4FC-37210C048563}"
	ProjectSection(ProjectDependencies) = postProject
		{9A3B64DB-7F68-39F3-9FF3-946FA0064A78} = {9A3B64DB-7F68-39F3-9FF3-946FA0064A78}
		{FFC4D5BC-D3ED-3D3B-B789-A2EA3D31400E} = {FFC4D5BC-D3ED-3D3B-B789-A2EA3D31400E}
		{E5F4B32B-828C-377B-9BC0-F2B07CB83487} = {E5F4B32B-828C-377B-9BC0-F2B07CB83487}
	EndProjectSection
EndProject
Project("{8BC9CEB8-8B4A-11D0-8D11-00A0C91BC942}") = "Sandbox", "Sandbox\src\Sandbox.vcxproj", "{CD6B9E62-EB02-3DA4-BA57-9283BB1C21A5}"
	ProjectSection(ProjectDependencies) = postProject
		{59F0CDD4-2E01-38E1-B4FC-37210C048563} = {59F0CDD4-2E01-38E1-B4FC-37210C048563}
		{9A3B64DB-7F68-39F3-9FF3-946FA0064A78} = {9A3B64DB-7F68-39F3-9FF3-946FA0064A78}
		{FFC4D5BC-D3ED-3D3B-B789-A2EA3D31400E} = {FFC4D5BC-D3ED-3D3B-B789-A2EA3D31400E}
		{E5F4B32B-828C-377B-9BC0-F2B07CB83487} = {E5F4B32B-828C-377B-9BC0-F2B07CB83487}
	EndProjectSection
EndProject
Project("{8BC9CEB8-8B4A-11D0-8D11-00A0C91BC942}") = "ZERO_CHECK", "ZERO_CHECK.vcxproj", "{9A3B64DB-7F68-39F3-9FF3-946FA0064A78}"
	ProjectSection(ProjectDependencies) = postProject
	EndProjectSection
EndProject
Project("{8BC9CEB8-8B4A-11D0-8D11-00A0C91BC942}") = "glad", "lib\glad\glad.vcxproj", "{FFC4D5BC-D3ED-3D3B-B789-A2EA3D31400E}"
	ProjectSection(ProjectDependencies) = postProject
		{9A3B64DB-7F68-39F3-9FF3-946FA0064A78} = {9A3B64DB-7F68-39F3-9FF3-946FA0064A78}
		{95A615EE-D98B-3523-8652-80E1E84F27AE} = {95A615EE-D98B-3523-8652-80E1E84F27AE}
	EndProjectSection
EndProject
Project("{8BC9CEB8-8B4A-11D0-8D11-00A0C91BC942}") = "glad-generate-files", "lib\glad\glad-generate-files.vcxproj", "{95A615EE-D98B-3523-8652-80E1E84F27AE}"
	ProjectSection(ProjectDependencies) = postProject
		{9A3B64DB-7F68-39F3-9FF3-946FA0064A78} = {9A3B64DB-7F68-39F3-9FF3-946FA0064A78}
	EndProjectSection
EndProject
Project("{8BC9CEB8-8B4A-11D0-8D11-00A0C91BC942}") = "glfw", "lib\glfw\src\glfw.vcxproj", "{E5F4B32B-828C-377B-9BC0-F2B07CB83487}"
	ProjectSection(ProjectDependencies) = postProject
		{9A3B64DB-7F68-39F3-9FF3-946FA0064A78} = {9A3B64DB-7F68-39F3-9FF3-946FA0064A78}
	EndProjectSection
EndProject
Project("{8BC9CEB8-8B4A-11D0-8D11-00A0C91BC942}") = "uninstall", "lib\glfw\uninstall.vcxproj", "{4377B37A-C31E-3DDC-BDFB-481483944F68}"
	ProjectSection(ProjectDependencies) = postProject
		{9A3B64DB-7F68-39F3-9FF3-946FA0064A78} = {9A3B64DB-7F68-39F3-9FF3-946FA0064A78}
	EndProjectSection
EndProject
Global
	GlobalSection(SolutionConfigurationPlatforms) = preSolution
		Debug|x64 = Debug|x64
		Release|x64 = Release|x64
		MinSizeRel|x64 = MinSizeRel|x64
		RelWithDebInfo|x64 = RelWithDebInfo|x64
	EndGlobalSection
	GlobalSection(ProjectConfigurationPlatforms) = postSolution
		{736CC0B7-8EAF-3923-B71F-95F1074627D2}.Debug|x64.ActiveCfg = Debug|x64
		{736CC0B7-8EAF-3923-B71F-95F1074627D2}.Debug|x64.Build.0 = Debug|x64
		{736CC0B7-8EAF-3923-B71F-95F1074627D2}.Release|x64.ActiveCfg = Release|x64
		{736CC0B7-8EAF-3923-B71F-95F1074627D2}.Release|x64.Build.0 = Release|x64
		{736CC0B7-8EAF-3923-B71F-95F1074627D2}.MinSizeRel|x64.ActiveCfg = MinSizeRel|x64
		{736CC0B7-8EAF-3923-B71F-95F1074627D2}.MinSizeRel|x64.Build.0 = MinSizeRel|x64
		{736CC0B7-8EAF-3923-B71F-95F1074627D2}.RelWithDebInfo|x64.ActiveCfg = RelWithDebInfo|x64
		{736CC0B7-8EAF-3923-B71F-95F1074627D2}.RelWithDebInfo|x64.Build.0 = RelWithDebInfo|x64
		{1796B40E-60A3-3087-BA39-AC069BB7DDD9}.Debug|x64.ActiveCfg = Debug|x64
		{1796B40E-60A3-3087-BA39-AC069BB7DDD9}.Debug|x64.Build.0 = Debug|x64
		{1796B40E-60A3-3087-BA39-AC069BB7DDD9}.Release|x64.ActiveCfg = Release|x64
		{1796B40E-60A3-3087-BA39-AC069BB7DDD9}.Release|x64.Build.0 = Release|x64
		{1796B40E-60A3-3087-BA39-AC069BB7DDD9}.MinSizeRel|x64.ActiveCfg = MinSizeRel|x64
		{1796B40E-60A3-3087-BA39-AC069BB7DDD9}.MinSizeRel|x64.Build.0 = MinSizeRel|x64
		{1796B40E-60A3-3087-BA39-AC069BB7DDD9}.RelWithDebInfo|x64.ActiveCfg = RelWithDebInfo|x64
		{1796B40E-60A3-3087-BA39-AC069BB7DDD9}.RelWithDebInfo|x64.Build.0 = RelWithDebInfo|x64
		{06ACACF9-F79A-3B85-89F7-1CFD797019B7}.Debug|x64.ActiveCfg = Debug|x64
		{06ACACF9-F79A-3B85-89F7-1CFD797019B7}.Release|x64.ActiveCfg = Release|x64
		{06ACACF9-F79A-3B85-89F7-1CFD797019B7}.MinSizeRel|x64.ActiveCfg = MinSizeRel|x64
		{06ACACF9-F79A-3B85-89F7-1CFD797019B7}.RelWithDebInfo|x64.ActiveCfg = RelWithDebInfo|x64
		{59F0CDD4-2E01-38E1-B4FC-37210C048563}.Debug|x64.ActiveCfg = Debug|x64
		{59F0CDD4-2E01-38E1-B4FC-37210C048563}.Debug|x64.Build.0 = Debug|x64
		{59F0CDD4-2E01-38E1-B4FC-37210C048563}.Release|x64.ActiveCfg = Release|x64
		{59F0CDD4-2E01-38E1-B4FC-37210C048563}.Release|x64.Build.0 = Release|x64
		{59F0CDD4-2E01-38E1-B4FC-37210C048563}.MinSizeRel|x64.ActiveCfg = MinSizeRel|x64
		{59F0CDD4-2E01-38E1-B4FC-37210C048563}.MinSizeRel|x64.Build.0 = MinSizeRel|x64
		{59F0CDD4-2E01-38E1-B4FC-37210C048563}.RelWithDebInfo|x64.ActiveCfg = RelWithDebInfo|x64
		{59F0CDD4-2E01-38E1-B4FC-37210C048563}.RelWithDebInfo|x64.Build.0 = RelWithDebInfo|x64
		{CD6B9E62-EB02-3DA4-BA57-9283BB1C21A5}.Debug|x64.ActiveCfg = Debug|x64
		{CD6B9E62-EB02-3DA4-BA57-9283BB1C21A5}.Debug|x64.Build.0 = Debug|x64
		{CD6B9E62-EB02-3DA4-BA57-9283BB1C21A5}.Release|x64.ActiveCfg = Release|x64
		{CD6B9E62-EB02-3DA4-BA57-9283BB1C21A5}.Release|x64.Build.0 = Release|x64
		{CD6B9E62-EB02-3DA4-BA57-9283BB1C21A5}.MinSizeRel|x64.ActiveCfg = MinSizeRel|x64
		{CD6B9E62-EB02-3DA4-BA57-9283BB1C21A5}.MinSizeRel|x64.Build.0 = MinSizeRel|x64
		{CD6B9E62-EB02-3DA4-BA57-9283BB1C21A5}.RelWithDebInfo|x64.ActiveCfg = RelWithDebInfo|x64
		{CD6B9E62-EB02-3DA4-BA57-9283BB1C21A5}.RelWithDebInfo|x64.Build.0 = RelWithDebInfo|x64
		{9A3B64DB-7F68-39F3-9FF3-946FA0064A78}.Debug|x64.ActiveCfg = Debug|x64
		{9A3B64DB-7F68-39F3-9FF3-946FA0064A78}.Debug|x64.Build.0 = Debug|x64
		{9A3B64DB-7F68-39F3-9FF3-946FA0064A78}.Release|x64.ActiveCfg = Release|x64
		{9A3B64DB-7F68-39F3-9FF3-946FA0064A78}.Release|x64.Build.0 = Release|x64
		{9A3B64DB-7F68-39F3-9FF3-946FA0064A78}.MinSizeRel|x64.ActiveCfg = MinSizeRel|x64
		{9A3B64DB-7F68-39F3-9FF3-946FA0064A78}.MinSizeRel|x64.Build.0 = MinSizeRel|x64
		{9A3B64DB-7F68-39F3-9FF3-946FA0064A78}.RelWithDebInfo|x64.ActiveCfg = RelWithDebInfo|x64
		{9A3B64DB-7F68-39F3-9FF3-946FA0064A78}.RelWithDebInfo|x64.Build.0 = RelWithDebInfo|x64
		{FFC4D5BC-D3ED-3D3B-B789-A2EA3D31400E}.Debug|x64.ActiveCfg = Debug|x64
		{FFC4D5BC-D3ED-3D3B-B789-A2EA3D31400E}.Debug|x64.Build.0 = Debug|x64
		{FFC4D5BC-D3ED-3D3B-B789-A2EA3D31400E}.Release|x64.ActiveCfg = Release|x64
		{FFC4D5BC-D3ED-3D3B-B789-A2EA3D31400E}.Release|x64.Build.0 = Release|x64
		{FFC4D5BC-D3ED-3D3B-B789-A2EA3D31400E}.MinSizeRel|x64.ActiveCfg = MinSizeRel|x64
		{FFC4D5BC-D3ED-3D3B-B789-A2EA3D31400E}.MinSizeRel|x64.Build.0 = MinSizeRel|x64
		{FFC4D5BC-D3ED-3D3B-B789-A2EA3D31400E}.RelWithDebInfo|x64.ActiveCfg = RelWithDebInfo|x64
		{FFC4D5BC-D3ED-3D3B-B789-A2EA3D31400E}.RelWithDebInfo|x64.Build.0 = RelWithDebInfo|x64
		{95A615EE-D98B-3523-8652-80E1E84F27AE}.Debug|x64.ActiveCfg = Debug|x64
		{95A615EE-D98B-3523-8652-80E1E84F27AE}.Debug|x64.Build.0 = Debug|x64
		{95A615EE-D98B-3523-8652-80E1E84F27AE}.Release|x64.ActiveCfg = Release|x64
		{95A615EE-D98B-3523-8652-80E1E84F27AE}.Release|x64.Build.0 = Release|x64
		{95A615EE-D98B-3523-8652-80E1E84F27AE}.MinSizeRel|x64.ActiveCfg = MinSizeRel|x64
		{95A615EE-D98B-3523-8652-80E1E84F27AE}.MinSizeRel|x64.Build.0 = MinSizeRel|x64
		{95A615EE-D98B-3523-8652-80E1E84F27AE}.RelWithDebInfo|x64.ActiveCfg = RelWithDebInfo|x64
		{95A615EE-D98B-3523-8652-80E1E84F27AE}.RelWithDebInfo|x64.Build.0 = RelWithDebInfo|x64
		{E5F4B32B-828C-377B-9BC0-F2B07CB83487}.Debug|x64.ActiveCfg = Debug|x64
		{E5F4B32B-828C-377B-9BC0-F2B07CB83487}.Debug|x64.Build.0 = Debug|x64
		{E5F4B32B-828C-377B-9BC0-F2B07CB83487}.Release|x64.ActiveCfg = Release|x64
		{E5F4B32B-828C-377B-9BC0-F2B07CB83487}.Release|x64.Build.0 = Release|x64
		{E5F4B32B-828C-377B-9BC0-F2B07CB83487}.MinSizeRel|x64.ActiveCfg = MinSizeRel|x64
		{E5F4B32B-828C-377B-9BC0-F2B07CB83487}.MinSizeRel|x64.Build.0 = MinSizeRel|x64
		{E5F4B32B-828C-377B-9BC0-F2B07CB83487}.RelWithDebInfo|x64.ActiveCfg = RelWithDebInfo|x64
		{E5F4B32B-828C-377B-9BC0-F2B07CB83487}.RelWithDebInfo|x64.Build.0 = RelWithDebInfo|x64
		{4377B37A-C31E-3DDC-BDFB-481483944F68}.Debug|x64.ActiveCfg = Debug|x64
		{4377B37A-C31E-3DDC-BDFB-481483944F68}.Release|x64.ActiveCfg = Release|x64
		{4377B37A-C31E-3DDC-BDFB-481483944F68}.MinSizeRel|x64.ActiveCfg = MinSizeRel|x64
		{4377B37A-C31E-3DDC-BDFB-481483944F68}.RelWithDebInfo|x64.ActiveCfg = RelWithDebInfo|x64
	EndGlobalSection
	GlobalSection(NestedProjects) = preSolution
		{736CC0B7-8EAF-3923-B71F-95F1074627D2} = {CE8F6015-1D11-3751-97B3-9B99A9B6E65F}
		{06ACACF9-F79A-3B85-89F7-1CFD797019B7} = {CE8F6015-1D11-3751-97B3-9B99A9B6E65F}
		{9A3B64DB-7F68-39F3-9FF3-946FA0064A78} = {CE8F6015-1D11-3751-97B3-9B99A9B6E65F}
		{E5F4B32B-828C-377B-9BC0-F2B07CB83487} = {3204CD97-57A7-3854-B1C9-162F074AFDCB}
		{4377B37A-C31E-3DDC-BDFB-481483944F68} = {3204CD97-57A7-3854-B1C9-162F074AFDCB}
	EndGlobalSection
	GlobalSection(ExtensibilityGlobals) = postSolution
		SolutionGuid = {81DD6F4C-2822-3225-848C-E557211C117E}
	EndGlobalSection
	GlobalSection(ExtensibilityAddIns) = postSolution
	EndGlobalSection
EndGlobal
